{
  "name": "@hubra-labs/hubra-cli",
  "version": "0.1.2",
  "lockfileVersion": 3,
  "requires": true,
  "packages": {
    "": {
      "name": "@hubra-labs/hubra-cli",
      "version": "0.1.2",
      "license": "UNLICENSED",
      "dependencies": {
        "@hubra-labs/hubra-cli": "^0.1.2"
      },
      "bin": {
        "hubra": "bin/hubra.mjs"
      },
      "engines": {
        "node": ">=18"
      }
    },
    "node_modules/@hubra-labs/hubra-cli": {
      "version": "0.1.2",
      "resolved": "https://registry.npmjs.org/@hubra-labs/hubra-cli/-/hubra-cli-0.1.2.tgz",
      "integrity": "sha512-zop1TEwXdG229TbzOpmOpaNKDU2mAUA1VWu3RyB1z4A0wnn29+VWDLdEgAT9Fu4V3tM9kFsdwQzV4u/Kzql9oA==",
      "license": "UNLICENSED",
      "bin": {
        "hubra": "bin/hubra.mjs"
      },
      "engines": {
        "node": ">=18"
      }
    }
  }
}
